
Microsoft Visual Studio Solution File, Format Version 12.00
# Visual Studio Version 17
VisualStudioVersion = 17.0.32014.148
MinimumVisualStudioVersion = 10.0.40219.1
Project("{FAE04EC0-301F-11D3-BF4B-00C04F79EFBC}") = "websitebansach", "websitebansach\websitebansach.csproj", "{842871D6-E8AA-4C73-BCCA-887E3CD82774}"
EndProject
Project("{FAE04EC0-301F-11D3-BF4B-00C04F79EFBC}") = "MyDB", "MyDB\MyDB.csproj", "{AA1B8F02-0459-4801-A9B5-A997D7C79C03}"
EndProject
Global
	GlobalSection(SolutionConfigurationPlatforms) = preSolution
		Debug|Any CPU = Debug|Any CPU
		Release|Any CPU = Release|Any CPU
	EndGlobalSection
	GlobalSection(ProjectConfigurationPlatforms) = postSolution
		{842871D6-E8AA-4C73-BCCA-887E3CD82774}.Debug|Any CPU.ActiveCfg = Debug|Any CPU
		{842871D6-E8AA-4C73-BCCA-887E3CD82774}.Debug|Any CPU.Build.0 = Debug|Any CPU
		{842871D6-E8AA-4C73-BCCA-887E3CD82774}.Release|Any CPU.ActiveCfg = Release|Any CPU
		{842871D6-E8AA-4C73-BCCA-887E3CD82774}.Release|Any CPU.Build.0 = Release|Any CPU
		{AA1B8F02-0459-4801-A9B5-A997D7C79C03}.Debug|Any CPU.ActiveCfg = Debug|Any CPU
		{AA1B8F02-0459-4801-A9B5-A997D7C79C03}.Debug|Any CPU.Build.0 = Debug|Any CPU
		{AA1B8F02-0459-4801-A9B5-A997D7C79C03}.Release|Any CPU.ActiveCfg = Release|Any CPU
		{AA1B8F02-0459-4801-A9B5-A997D7C79C03}.Release|Any CPU.Build.0 = Release|Any CPU
	EndGlobalSection
	GlobalSection(SolutionProperties) = preSolution
		HideSolutionNode = FALSE
	EndGlobalSection
	GlobalSection(ExtensibilityGlobals) = postSolution
		SolutionGuid = {DB92FF36-BBF3-4B77-A76E-8B59D335DD84}
	EndGlobalSection
EndGlobal
